
Microsoft Visual Studio Solution File, Format Version 12.00
# Visual Studio Version 17
VisualStudioVersion = 17.1.32210.238
MinimumVisualStudioVersion = 10.0.40219.1
Project("{FAE04EC0-301F-11D3-BF4B-00C04F79EFBC}") = "BAI_1_3_EpKieu", "BAI_1_3_EpKieu\BAI_1_3_EpKieu.csproj", "{4A6CD34D-DCCF-4A71-A35D-5992DB796870}"
EndProject
Project("{FAE04EC0-301F-11D3-BF4B-00C04F79EFBC}") = "BAI_1_4_ToanTuTrongLapTrinh", "BAI_1_4_ToanTuTrongLapTrinh\BAI_1_4_ToanTuTrongLapTrinh.csproj", "{7C690806-E71B-46B8-842F-9A58E545B15B}"
EndProject
Project("{FAE04EC0-301F-11D3-BF4B-00C04F79EFBC}") = "BAI_1_5_CauLenhReNhanh", "BAI_1_5_CauLenhReNhanh\BAI_1_5_CauLenhReNhanh.csproj", "{D9CA4752-5BC2-4CA8-9C10-A4A81E9DE278}"
EndProject
Project("{FAE04EC0-301F-11D3-BF4B-00C04F79EFBC}") = "BAI_1_6_ToanTuBaNgoi", "BAI_1_6_ToanTuBaNgoi\BAI_1_6_ToanTuBaNgoi.csproj", "{B22D9204-E43A-4B50-AB2F-ED62B107862B}"
EndProject
Project("{FAE04EC0-301F-11D3-BF4B-00C04F79EFBC}") = "BAI_1_0_LamQuenVoiCsharp", "BAI_1_0_LamQuenVoiCsharp\BAI_1_0_LamQuenVoiCsharp.csproj", "{A25C67EA-F900-4FA7-9E8F-1109CF015F66}"
EndProject
Project("{FAE04EC0-301F-11D3-BF4B-00C04F79EFBC}") = "BAI_1_1_BienLaGi", "BAI_1_1_BienLaGi\BAI_1_1_BienLaGi.csproj", "{4E9EB30A-A3ED-4FB4-80B6-60A0B56B98B9}"
EndProject
Project("{FAE04EC0-301F-11D3-BF4B-00C04F79EFBC}") = "BAI_1_2_NhapXuat", "BAI_1_2_NhapXuat\BAI_1_2_NhapXuat.csproj", "{6CE19459-231F-451C-8D99-89F16AB2AAAA}"
EndProject
Project("{FAE04EC0-301F-11D3-BF4B-00C04F79EFBC}") = "BAI_1_7_Switch_Case", "BAI_1_7_Switch_Case\BAI_1_7_Switch_Case.csproj", "{2DE0B7C6-F76B-4E94-8A11-1C6EB5739986}"
EndProject
Project("{FAE04EC0-301F-11D3-BF4B-00C04F79EFBC}") = "BAI_1_8_VongLap", "BAI_1_8_VongLap\BAI_1_8_VongLap.csproj", "{C4460284-F872-4392-9E76-566287FCD69B}"
EndProject
Project("{FAE04EC0-301F-11D3-BF4B-00C04F79EFBC}") = "BAI_1_9_FOREACH", "BAI_1_9_FOREACH\BAI_1_9_FOREACH.csproj", "{7C988CC7-79E3-4346-835A-C744ABE43B59}"
EndProject
Project("{FAE04EC0-301F-11D3-BF4B-00C04F79EFBC}") = "BAI_2_9_Array", "BAI_2_9_Array\BAI_2_9_Array.csproj", "{26A00FD6-BFCD-41C1-8A47-90EC2E9653A8}"
EndProject
Project("{FAE04EC0-301F-11D3-BF4B-00C04F79EFBC}") = "BAI_3_0_ThaoTacVoiMang", "BAI_3_0_ThaoTacVoiMang\BAI_3_0_ThaoTacVoiMang.csproj", "{EC2A80B2-54B1-48DB-8D16-69A4E8DAC7BF}"
EndProject
Project("{FAE04EC0-301F-11D3-BF4B-00C04F79EFBC}") = "CHUA_BAI_LAB_123", "CHUA_BAI_LAB_123\CHUA_BAI_LAB_123.csproj", "{E44D3F5E-61B7-47A6-9CFC-B0D091F66937}"
EndProject
Project("{FAE04EC0-301F-11D3-BF4B-00C04F79EFBC}") = "BAI_3_1_OOP", "BAI_3_1_OOP\BAI_3_1_OOP.csproj", "{55D9A938-6435-4CED-AF88-CA8A655C3722}"
EndProject
Project("{FAE04EC0-301F-11D3-BF4B-00C04F79EFBC}") = "BAI_3_2_ArrayList", "BAI_3_2_ArrayList\BAI_3_2_ArrayList.csproj", "{CE095C6E-294C-4ED6-91F0-11C993127445}"
EndProject
Project("{FAE04EC0-301F-11D3-BF4B-00C04F79EFBC}") = "BAI_3_3_List", "BAI_3_3_List\BAI_3_3_List.csproj", "{05B71459-33E5-4BFD-9E96-CB8B6C64440F}"
EndProject
Project("{FAE04EC0-301F-11D3-BF4B-00C04F79EFBC}") = "BAI_3_4_Method", "BAI_3_4_Method\BAI_3_4_Method.csproj", "{5AE2DEAB-4EE2-440B-97DB-EF0C1B1A5A80}"
EndProject
Project("{FAE04EC0-301F-11D3-BF4B-00C04F79EFBC}") = "BAI_3_5_KeThua", "BAI_3_5_KeThua\BAI_3_5_KeThua.csproj", "{E887F891-1E6F-4CB9-A066-50E71EB314A8}"
EndProject
Project("{FAE04EC0-301F-11D3-BF4B-00C04F79EFBC}") = "BAI_3_6_BAI_MAU_CRUD_OBJ", "BAI_3_6_BAI_MAU_CRUD_OBJ\BAI_3_6_BAI_MAU_CRUD_OBJ.csproj", "{A1A3176B-D39C-4238-9B82-393B34DDE6D9}"
EndProject
Project("{FAE04EC0-301F-11D3-BF4B-00C04F79EFBC}") = "BAI_3_7_XuLyChuoi", "BAI_3_7_XuLyChuoi\BAI_3_7_XuLyChuoi.csproj", "{F2B19788-3837-4E35-81F1-B8863858DF31}"
EndProject
Global
	GlobalSection(SolutionConfigurationPlatforms) = preSolution
		Debug|Any CPU = Debug|Any CPU
		Release|Any CPU = Release|Any CPU
	EndGlobalSection
	GlobalSection(ProjectConfigurationPlatforms) = postSolution
		{4A6CD34D-DCCF-4A71-A35D-5992DB796870}.Debug|Any CPU.ActiveCfg = Debug|Any CPU
		{4A6CD34D-DCCF-4A71-A35D-5992DB796870}.Debug|Any CPU.Build.0 = Debug|Any CPU
		{4A6CD34D-DCCF-4A71-A35D-5992DB796870}.Release|Any CPU.ActiveCfg = Release|Any CPU
		{4A6CD34D-DCCF-4A71-A35D-5992DB796870}.Release|Any CPU.Build.0 = Release|Any CPU
		{7C690806-E71B-46B8-842F-9A58E545B15B}.Debug|Any CPU.ActiveCfg = Debug|Any CPU
		{7C690806-E71B-46B8-842F-9A58E545B15B}.Debug|Any CPU.Build.0 = Debug|Any CPU
		{7C690806-E71B-46B8-842F-9A58E545B15B}.Release|Any CPU.ActiveCfg = Release|Any CPU
		{7C690806-E71B-46B8-842F-9A58E545B15B}.Release|Any CPU.Build.0 = Release|Any CPU
		{D9CA4752-5BC2-4CA8-9C10-A4A81E9DE278}.Debug|Any CPU.ActiveCfg = Debug|Any CPU
		{D9CA4752-5BC2-4CA8-9C10-A4A81E9DE278}.Debug|Any CPU.Build.0 = Debug|Any CPU
		{D9CA4752-5BC2-4CA8-9C10-A4A81E9DE278}.Release|Any CPU.ActiveCfg = Release|Any CPU
		{D9CA4752-5BC2-4CA8-9C10-A4A81E9DE278}.Release|Any CPU.Build.0 = Release|Any CPU
		{B22D9204-E43A-4B50-AB2F-ED62B107862B}.Debug|Any CPU.ActiveCfg = Debug|Any CPU
		{B22D9204-E43A-4B50-AB2F-ED62B107862B}.Debug|Any CPU.Build.0 = Debug|Any CPU
		{B22D9204-E43A-4B50-AB2F-ED62B107862B}.Release|Any CPU.ActiveCfg = Release|Any CPU
		{B22D9204-E43A-4B50-AB2F-ED62B107862B}.Release|Any CPU.Build.0 = Release|Any CPU
		{A25C67EA-F900-4FA7-9E8F-1109CF015F66}.Debug|Any CPU.ActiveCfg = Debug|Any CPU
		{A25C67EA-F900-4FA7-9E8F-1109CF015F66}.Debug|Any CPU.Build.0 = Debug|Any CPU
		{A25C67EA-F900-4FA7-9E8F-1109CF015F66}.Release|Any CPU.ActiveCfg = Release|Any CPU
		{A25C67EA-F900-4FA7-9E8F-1109CF015F66}.Release|Any CPU.Build.0 = Release|Any CPU
		{4E9EB30A-A3ED-4FB4-80B6-60A0B56B98B9}.Debug|Any CPU.ActiveCfg = Debug|Any CPU
		{4E9EB30A-A3ED-4FB4-80B6-60A0B56B98B9}.Debug|Any CPU.Build.0 = Debug|Any CPU
		{4E9EB30A-A3ED-4FB4-80B6-60A0B56B98B9}.Release|Any CPU.ActiveCfg = Release|Any CPU
		{4E9EB30A-A3ED-4FB4-80B6-60A0B56B98B9}.Release|Any CPU.Build.0 = Release|Any CPU
		{6CE19459-231F-451C-8D99-89F16AB2AAAA}.Debug|Any CPU.ActiveCfg = Debug|Any CPU
		{6CE19459-231F-451C-8D99-89F16AB2AAAA}.Debug|Any CPU.Build.0 = Debug|Any CPU
		{6CE19459-231F-451C-8D99-89F16AB2AAAA}.Release|Any CPU.ActiveCfg = Release|Any CPU
		{6CE19459-231F-451C-8D99-89F16AB2AAAA}.Release|Any CPU.Build.0 = Release|Any CPU
		{2DE0B7C6-F76B-4E94-8A11-1C6EB5739986}.Debug|Any CPU.ActiveCfg = Debug|Any CPU
		{2DE0B7C6-F76B-4E94-8A11-1C6EB5739986}.Debug|Any CPU.Build.0 = Debug|Any CPU
		{2DE0B7C6-F76B-4E94-8A11-1C6EB5739986}.Release|Any CPU.ActiveCfg = Release|Any CPU
		{2DE0B7C6-F76B-4E94-8A11-1C6EB5739986}.Release|Any CPU.Build.0 = Release|Any CPU
		{C4460284-F872-4392-9E76-566287FCD69B}.Debug|Any CPU.ActiveCfg = Debug|Any CPU
		{C4460284-F872-4392-9E76-566287FCD69B}.Debug|Any CPU.Build.0 = Debug|Any CPU
		{C4460284-F872-4392-9E76-566287FCD69B}.Release|Any CPU.ActiveCfg = Release|Any CPU
		{C4460284-F872-4392-9E76-566287FCD69B}.Release|Any CPU.Build.0 = Release|Any CPU
		{7C988CC7-79E3-4346-835A-C744ABE43B59}.Debug|Any CPU.ActiveCfg = Debug|Any CPU
		{7C988CC7-79E3-4346-835A-C744ABE43B59}.Debug|Any CPU.Build.0 = Debug|Any CPU
		{7C988CC7-79E3-4346-835A-C744ABE43B59}.Release|Any CPU.ActiveCfg = Release|Any CPU
		{7C988CC7-79E3-4346-835A-C744ABE43B59}.Release|Any CPU.Build.0 = Release|Any CPU
		{26A00FD6-BFCD-41C1-8A47-90EC2E9653A8}.Debug|Any CPU.ActiveCfg = Debug|Any CPU
		{26A00FD6-BFCD-41C1-8A47-90EC2E9653A8}.Debug|Any CPU.Build.0 = Debug|Any CPU
		{26A00FD6-BFCD-41C1-8A47-90EC2E9653A8}.Release|Any CPU.ActiveCfg = Release|Any CPU
		{26A00FD6-BFCD-41C1-8A47-90EC2E9653A8}.Release|Any CPU.Build.0 = Release|Any CPU
		{EC2A80B2-54B1-48DB-8D16-69A4E8DAC7BF}.Debug|Any CPU.ActiveCfg = Debug|Any CPU
		{EC2A80B2-54B1-48DB-8D16-69A4E8DAC7BF}.Debug|Any CPU.Build.0 = Debug|Any CPU
		{EC2A80B2-54B1-48DB-8D16-69A4E8DAC7BF}.Release|Any CPU.ActiveCfg = Release|Any CPU
		{EC2A80B2-54B1-48DB-8D16-69A4E8DAC7BF}.Release|Any CPU.Build.0 = Release|Any CPU
		{E44D3F5E-61B7-47A6-9CFC-B0D091F66937}.Debug|Any CPU.ActiveCfg = Debug|Any CPU
		{E44D3F5E-61B7-47A6-9CFC-B0D091F66937}.Debug|Any CPU.Build.0 = Debug|Any CPU
		{E44D3F5E-61B7-47A6-9CFC-B0D091F66937}.Release|Any CPU.ActiveCfg = Release|Any CPU
		{E44D3F5E-61B7-47A6-9CFC-B0D091F66937}.Release|Any CPU.Build.0 = Release|Any CPU
		{55D9A938-6435-4CED-AF88-CA8A655C3722}.Debug|Any CPU.ActiveCfg = Debug|Any CPU
		{55D9A938-6435-4CED-AF88-CA8A655C3722}.Debug|Any CPU.Build.0 = Debug|Any CPU
		{55D9A938-6435-4CED-AF88-CA8A655C3722}.Release|Any CPU.ActiveCfg = Release|Any CPU
		{55D9A938-6435-4CED-AF88-CA8A655C3722}.Release|Any CPU.Build.0 = Release|Any CPU
		{CE095C6E-294C-4ED6-91F0-11C993127445}.Debug|Any CPU.ActiveCfg = Debug|Any CPU
		{CE095C6E-294C-4ED6-91F0-11C993127445}.Debug|Any CPU.Build.0 = Debug|Any CPU
		{CE095C6E-294C-4ED6-91F0-11C993127445}.Release|Any CPU.ActiveCfg = Release|Any CPU
		{CE095C6E-294C-4ED6-91F0-11C993127445}.Release|Any CPU.Build.0 = Release|Any CPU
		{05B71459-33E5-4BFD-9E96-CB8B6C64440F}.Debug|Any CPU.ActiveCfg = Debug|Any CPU
		{05B71459-33E5-4BFD-9E96-CB8B6C64440F}.Debug|Any CPU.Build.0 = Debug|Any CPU
		{05B71459-33E5-4BFD-9E96-CB8B6C64440F}.Release|Any CPU.ActiveCfg = Release|Any CPU
		{05B71459-33E5-4BFD-9E96-CB8B6C64440F}.Release|Any CPU.Build.0 = Release|Any CPU
		{5AE2DEAB-4EE2-440B-97DB-EF0C1B1A5A80}.Debug|Any CPU.ActiveCfg = Debug|Any CPU
		{5AE2DEAB-4EE2-440B-97DB-EF0C1B1A5A80}.Debug|Any CPU.Build.0 = Debug|Any CPU
		{5AE2DEAB-4EE2-440B-97DB-EF0C1B1A5A80}.Release|Any CPU.ActiveCfg = Release|Any CPU
		{5AE2DEAB-4EE2-440B-97DB-EF0C1B1A5A80}.Release|Any CPU.Build.0 = Release|Any CPU
		{E887F891-1E6F-4CB9-A066-50E71EB314A8}.Debug|Any CPU.ActiveCfg = Debug|Any CPU
		{E887F891-1E6F-4CB9-A066-50E71EB314A8}.Debug|Any CPU.Build.0 = Debug|Any CPU
		{E887F891-1E6F-4CB9-A066-50E71EB314A8}.Release|Any CPU.ActiveCfg = Release|Any CPU
		{E887F891-1E6F-4CB9-A066-50E71EB314A8}.Release|Any CPU.Build.0 = Release|Any CPU
		{A1A3176B-D39C-4238-9B82-393B34DDE6D9}.Debug|Any CPU.ActiveCfg = Debug|Any CPU
		{A1A3176B-D39C-4238-9B82-393B34DDE6D9}.Debug|Any CPU.Build.0 = Debug|Any CPU
		{A1A3176B-D39C-4238-9B82-393B34DDE6D9}.Release|Any CPU.ActiveCfg = Release|Any CPU
		{A1A3176B-D39C-4238-9B82-393B34DDE6D9}.Release|Any CPU.Build.0 = Release|Any CPU
		{F2B19788-3837-4E35-81F1-B8863858DF31}.Debug|Any CPU.ActiveCfg = Debug|Any CPU
		{F2B19788-3837-4E35-81F1-B8863858DF31}.Debug|Any CPU.Build.0 = Debug|Any CPU
		{F2B19788-3837-4E35-81F1-B8863858DF31}.Release|Any CPU.ActiveCfg = Release|Any CPU
		{F2B19788-3837-4E35-81F1-B8863858DF31}.Release|Any CPU.Build.0 = Release|Any CPU
	EndGlobalSection
	GlobalSection(SolutionProperties) = preSolution
		HideSolutionNode = FALSE
	EndGlobalSection
	GlobalSection(ExtensibilityGlobals) = postSolution
		SolutionGuid = {67585CF4-D485-40DF-BA37-D01B44EBD420}
	EndGlobalSection
EndGlobal
